// !$*UTF8*$!
{
	archiveVersion = 1;
	classes = {
	};
	objectVersion = 55;
	objects = {

/* Begin PBXBuildFile section */
		EE507C5D2802CD090012A00F /* FlatChatApp.swift in Sources */ = {isa = PBXBuildFile; fileRef = EE507C5C2802CD090012A00F /* FlatChatApp.swift */; };
		EE507C612802CD0A0012A00F /* Assets.xcassets in Resources */ = {isa = PBXBuildFile; fileRef = EE507C602802CD0A0012A00F /* Assets.xcassets */; };
		EE507C642802CD0A0012A00F /* Preview Assets.xcassets in Resources */ = {isa = PBXBuildFile; fileRef = EE507C632802CD0A0012A00F /* Preview Assets.xcassets */; };
		EE507C6E2802CD0A0012A00F /* FlatChatTests.swift in Sources */ = {isa = PBXBuildFile; fileRef = EE507C6D2802CD0A0012A00F /* FlatChatTests.swift */; };
		EE507C782802CD0B0012A00F /* FlatChatUITests.swift in Sources */ = {isa = PBXBuildFile; fileRef = EE507C772802CD0B0012A00F /* FlatChatUITests.swift */; };
		EE507C7A2802CD0B0012A00F /* FlatChatUITestsLaunchTests.swift in Sources */ = {isa = PBXBuildFile; fileRef = EE507C792802CD0B0012A00F /* FlatChatUITestsLaunchTests.swift */; };
		EE507C882802CD430012A00F /* ChatList.swift in Sources */ = {isa = PBXBuildFile; fileRef = EE507C872802CD430012A00F /* ChatList.swift */; };
		EE507C8A2802CDBA0012A00F /* ImageProfile.swift in Sources */ = {isa = PBXBuildFile; fileRef = EE507C892802CDBA0012A00F /* ImageProfile.swift */; };
		EE507C8C2802D5A70012A00F /* MessageView.swift in Sources */ = {isa = PBXBuildFile; fileRef = EE507C8B2802D5A70012A00F /* MessageView.swift */; };
		EE507C8E2802D7900012A00F /* BubbleChat.swift in Sources */ = {isa = PBXBuildFile; fileRef = EE507C8D2802D7900012A00F /* BubbleChat.swift */; };
		EE8478D5280993600054F8D7 /* ViewDidLoadModifier.swift in Sources */ = {isa = PBXBuildFile; fileRef = EE8478D4280993600054F8D7 /* ViewDidLoadModifier.swift */; };
		EE8478D7280993DC0054F8D7 /* View+Extension.swift in Sources */ = {isa = PBXBuildFile; fileRef = EE8478D6280993DC0054F8D7 /* View+Extension.swift */; };
		EE8478D92809967B0054F8D7 /* Date+Extension.swift in Sources */ = {isa = PBXBuildFile; fileRef = EE8478D82809967B0054F8D7 /* Date+Extension.swift */; };
		EE8478DB280996910054F8D7 /* String+Extension.swift in Sources */ = {isa = PBXBuildFile; fileRef = EE8478DA280996910054F8D7 /* String+Extension.swift */; };
		EE94FB7E2805D86F009532E3 /* ChatListModel.swift in Sources */ = {isa = PBXBuildFile; fileRef = EE94FB7D2805D86F009532E3 /* ChatListModel.swift */; };
		EEBBF4A72806FE5400FD917C /* HomeView.swift in Sources */ = {isa = PBXBuildFile; fileRef = EEBBF4A62806FE5400FD917C /* HomeView.swift */; };
		EEBBF4AA2806FFA100FD917C /* HomeView+Observable.swift in Sources */ = {isa = PBXBuildFile; fileRef = EEBBF4A92806FFA100FD917C /* HomeView+Observable.swift */; };
/* End PBXBuildFile section */

/* Begin PBXContainerItemProxy section */
		EE507C6A2802CD0A0012A00F /* PBXContainerItemProxy */ = {
			isa = PBXContainerItemProxy;
			containerPortal = EE507C512802CD090012A00F /* Project object */;
			proxyType = 1;
			remoteGlobalIDString = EE507C582802CD090012A00F;
			remoteInfo = FlatChat;
		};
		EE507C742802CD0B0012A00F /* PBXContainerItemProxy */ = {
			isa = PBXContainerItemProxy;
			containerPortal = EE507C512802CD090012A00F /* Project object */;
			proxyType = 1;
			remoteGlobalIDString = EE507C582802CD090012A00F;
			remoteInfo = FlatChat;
		};
/* End PBXContainerItemProxy section */

/* Begin PBXFileReference section */
		EE507C592802CD090012A00F /* FlatChat.app */ = {isa = PBXFileReference; explicitFileType = wrapper.application; includeInIndex = 0; path = FlatChat.app; sourceTree = BUILT_PRODUCTS_DIR; };
		EE507C5C2802CD090012A00F /* FlatChatApp.swift */ = {isa = PBXFileReference; lastKnownFileType = sourcecode.swift; path = FlatChatApp.swift; sourceTree = "<group>"; };
		EE507C602802CD0A0012A00F /* Assets.xcassets */ = {isa = PBXFileReference; lastKnownFileType = folder.assetcatalog; path = Assets.xcassets; sourceTree = "<group>"; };
		EE507C632802CD0A0012A00F /* Preview Assets.xcassets */ = {isa = PBXFileReference; lastKnownFileType = folder.assetcatalog; path = "Preview Assets.xcassets"; sourceTree = "<group>"; };
		EE507C692802CD0A0012A00F /* FlatChatTests.xctest */ = {isa = PBXFileReference; explicitFileType = wrapper.cfbundle; includeInIndex = 0; path = FlatChatTests.xctest; sourceTree = BUILT_PRODUCTS_DIR; };
		EE507C6D2802CD0A0012A00F /* FlatChatTests.swift */ = {isa = PBXFileReference; lastKnownFileType = sourcecode.swift; path = FlatChatTests.swift; sourceTree = "<group>"; };
		EE507C732802CD0B0012A00F /* FlatChatUITests.xctest */ = {isa = PBXFileReference; explicitFileType = wrapper.cfbundle; includeInIndex = 0; path = FlatChatUITests.xctest; sourceTree = BUILT_PRODUCTS_DIR; };
		EE507C772802CD0B0012A00F /* FlatChatUITests.swift */ = {isa = PBXFileReference; lastKnownFileType = sourcecode.swift; path = FlatChatUITests.swift; sourceTree = "<group>"; };
		EE507C792802CD0B0012A00F /* FlatChatUITestsLaunchTests.swift */ = {isa = PBXFileReference; lastKnownFileType = sourcecode.swift; path = FlatChatUITestsLaunchTests.swift; sourceTree = "<group>"; };
		EE507C872802CD430012A00F /* ChatList.swift */ = {isa = PBXFileReference; lastKnownFileType = sourcecode.swift; path = ChatList.swift; sourceTree = "<group>"; };
		EE507C892802CDBA0012A00F /* ImageProfile.swift */ = {isa = PBXFileReference; lastKnownFileType = sourcecode.swift; path = ImageProfile.swift; sourceTree = "<group>"; };
		EE507C8B2802D5A70012A00F /* MessageView.swift */ = {isa = PBXFileReference; lastKnownFileType = sourcecode.swift; path = MessageView.swift; sourceTree = "<group>"; };
		EE507C8D2802D7900012A00F /* BubbleChat.swift */ = {isa = PBXFileReference; lastKnownFileType = sourcecode.swift; path = BubbleChat.swift; sourceTree = "<group>"; };
		EE8478D4280993600054F8D7 /* ViewDidLoadModifier.swift */ = {isa = PBXFileReference; lastKnownFileType = sourcecode.swift; path = ViewDidLoadModifier.swift; sourceTree = "<group>"; };
		EE8478D6280993DC0054F8D7 /* View+Extension.swift */ = {isa = PBXFileReference; lastKnownFileType = sourcecode.swift; path = "View+Extension.swift"; sourceTree = "<group>"; };
		EE8478D82809967B0054F8D7 /* Date+Extension.swift */ = {isa = PBXFileReference; lastKnownFileType = sourcecode.swift; path = "Date+Extension.swift"; sourceTree = "<group>"; };
		EE8478DA280996910054F8D7 /* String+Extension.swift */ = {isa = PBXFileReference; lastKnownFileType = sourcecode.swift; path = "String+Extension.swift"; sourceTree = "<group>"; };
		EE94FB7D2805D86F009532E3 /* ChatListModel.swift */ = {isa = PBXFileReference; lastKnownFileType = sourcecode.swift; path = ChatListModel.swift; sourceTree = "<group>"; };
		EEBBF4A62806FE5400FD917C /* HomeView.swift */ = {isa = PBXFileReference; lastKnownFileType = sourcecode.swift; path = HomeView.swift; sourceTree = "<group>"; };
		EEBBF4A92806FFA100FD917C /* HomeView+Observable.swift */ = {isa = PBXFileReference; lastKnownFileType = sourcecode.swift; path = "HomeView+Observable.swift"; sourceTree = "<group>"; };
/* End PBXFileReference section */

/* Begin PBXFrameworksBuildPhase section */
		EE507C562802CD090012A00F /* Frameworks */ = {
			isa = PBXFrameworksBuildPhase;
			buildActionMask = 2147483647;
			files = (
			);
			runOnlyForDeploymentPostprocessing = 0;
		};
		EE507C662802CD0A0012A00F /* Frameworks */ = {
			isa = PBXFrameworksBuildPhase;
			buildActionMask = 2147483647;
			files = (
			);
			runOnlyForDeploymentPostprocessing = 0;
		};
		EE507C702802CD0B0012A00F /* Frameworks */ = {
			isa = PBXFrameworksBuildPhase;
			buildActionMask = 2147483647;
			files = (
			);
			runOnlyForDeploymentPostprocessing = 0;
		};
/* End PBXFrameworksBuildPhase section */

/* Begin PBXGroup section */
		EE507C502802CD090012A00F = {
			isa = PBXGroup;
			children = (
				EE507C5B2802CD090012A00F /* FlatChat */,
				EE507C6C2802CD0A0012A00F /* FlatChatTests */,
				EE507C762802CD0B0012A00F /* FlatChatUITests */,
				EE507C5A2802CD090012A00F /* Products */,
			);
			sourceTree = "<group>";
		};
		EE507C5A2802CD090012A00F /* Products */ = {
			isa = PBXGroup;
			children = (
				EE507C592802CD090012A00F /* FlatChat.app */,
				EE507C692802CD0A0012A00F /* FlatChatTests.xctest */,
				EE507C732802CD0B0012A00F /* FlatChatUITests.xctest */,
			);
			name = Products;
			sourceTree = "<group>";
		};
		EE507C5B2802CD090012A00F /* FlatChat */ = {
			isa = PBXGroup;
			children = (
				EE8478D328098E530054F8D7 /* Helper */,
				EE8478D228098E4C0054F8D7 /* Extensions */,
				EEBBF4A52806FE0400FD917C /* Screens */,
				EE507C5C2802CD090012A00F /* FlatChatApp.swift */,
				EE507C862802CD1D0012A00F /* Components */,
				EE507C602802CD0A0012A00F /* Assets.xcassets */,
				EE507C622802CD0A0012A00F /* Preview Content */,
			);
			path = FlatChat;
			sourceTree = "<group>";
		};
		EE507C622802CD0A0012A00F /* Preview Content */ = {
			isa = PBXGroup;
			children = (
				EE507C632802CD0A0012A00F /* Preview Assets.xcassets */,
			);
			path = "Preview Content";
			sourceTree = "<group>";
		};
		EE507C6C2802CD0A0012A00F /* FlatChatTests */ = {
			isa = PBXGroup;
			children = (
				EE507C6D2802CD0A0012A00F /* FlatChatTests.swift */,
			);
			path = FlatChatTests;
			sourceTree = "<group>";
		};
		EE507C762802CD0B0012A00F /* FlatChatUITests */ = {
			isa = PBXGroup;
			children = (
				EE507C772802CD0B0012A00F /* FlatChatUITests.swift */,
				EE507C792802CD0B0012A00F /* FlatChatUITestsLaunchTests.swift */,
			);
			path = FlatChatUITests;
			sourceTree = "<group>";
		};
		EE507C862802CD1D0012A00F /* Components */ = {
			isa = PBXGroup;
			children = (
				EE507C8D2802D7900012A00F /* BubbleChat.swift */,
				EE507C872802CD430012A00F /* ChatList.swift */,
				EE507C892802CDBA0012A00F /* ImageProfile.swift */,
			);
			path = Components;
			sourceTree = "<group>";
		};
		EE8478D228098E4C0054F8D7 /* Extensions */ = {
			isa = PBXGroup;
			children = (
				EE8478D6280993DC0054F8D7 /* View+Extension.swift */,
				EE8478D82809967B0054F8D7 /* Date+Extension.swift */,
				EE8478DA280996910054F8D7 /* String+Extension.swift */,
			);
			path = Extensions;
			sourceTree = "<group>";
		};
		EE8478D328098E530054F8D7 /* Helper */ = {
			isa = PBXGroup;
			children = (
				EE8478D4280993600054F8D7 /* ViewDidLoadModifier.swift */,
			);
			path = Helper;
			sourceTree = "<group>";
		};
		EEBBF4A52806FE0400FD917C /* Screens */ = {
			isa = PBXGroup;
			children = (
				EE507C8B2802D5A70012A00F /* MessageView.swift */,
				EEBBF4A82806FF8000FD917C /* Home */,
			);
			path = Screens;
			sourceTree = "<group>";
		};
		EEBBF4A82806FF8000FD917C /* Home */ = {
			isa = PBXGroup;
			children = (
				EEBBF4A62806FE5400FD917C /* HomeView.swift */,
				EE94FB7D2805D86F009532E3 /* ChatListModel.swift */,
				EEBBF4A92806FFA100FD917C /* HomeView+Observable.swift */,
			);
			path = Home;
			sourceTree = "<group>";
		};
/* End PBXGroup section */

/* Begin PBXNativeTarget section */
		EE507C582802CD090012A00F /* FlatChat */ = {
			isa = PBXNativeTarget;
			buildConfigurationList = EE507C7D2802CD0B0012A00F /* Build configuration list for PBXNativeTarget "FlatChat" */;
			buildPhases = (
				EE507C552802CD090012A00F /* Sources */,
				EE507C562802CD090012A00F /* Frameworks */,
				EE507C572802CD090012A00F /* Resources */,
			);
			buildRules = (
			);
			dependencies = (
			);
			name = FlatChat;
			productName = FlatChat;
			productReference = EE507C592802CD090012A00F /* FlatChat.app */;
			productType = "com.apple.product-type.application";
		};
		EE507C682802CD0A0012A00F /* FlatChatTests */ = {
			isa = PBXNativeTarget;
			buildConfigurationList = EE507C802802CD0B0012A00F /* Build configuration list for PBXNativeTarget "FlatChatTests" */;
			buildPhases = (
				EE507C652802CD0A0012A00F /* Sources */,
				EE507C662802CD0A0012A00F /* Frameworks */,
				EE507C672802CD0A0012A00F /* Resources */,
			);
			buildRules = (
			);
			dependencies = (
				EE507C6B2802CD0A0012A00F /* PBXTargetDependency */,
			);
			name = FlatChatTests;
			productName = FlatChatTests;
			productReference = EE507C692802CD0A0012A00F /* FlatChatTests.xctest */;
			productType = "com.apple.product-type.bundle.unit-test";
		};
		EE507C722802CD0B0012A00F /* FlatChatUITests */ = {
			isa = PBXNativeTarget;
			buildConfigurationList = EE507C832802CD0B0012A00F /* Build configuration list for PBXNativeTarget "FlatChatUITests" */;
			buildPhases = (
				EE507C6F2802CD0B0012A00F /* Sources */,
				EE507C702802CD0B0012A00F /* Frameworks */,
				EE507C712802CD0B0012A00F /* Resources */,
			);
			buildRules = (
			);
			dependencies = (
				EE507C752802CD0B0012A00F /* PBXTargetDependency */,
			);
			name = FlatChatUITests;
			productName = FlatChatUITests;
			productReference = EE507C732802CD0B0012A00F /* FlatChatUITests.xctest */;
			productType = "com.apple.product-type.bundle.ui-testing";
		};
/* End PBXNativeTarget section */

/* Begin PBXProject section */
		EE507C512802CD090012A00F /* Project object */ = {
			isa = PBXProject;
			attributes = {
				BuildIndependentTargetsInParallel = 1;
				LastSwiftUpdateCheck = 1330;
				LastUpgradeCheck = 1330;
				TargetAttributes = {
					EE507C582802CD090012A00F = {
						CreatedOnToolsVersion = 13.3;
					};
					EE507C682802CD0A0012A00F = {
						CreatedOnToolsVersion = 13.3;
						TestTargetID = EE507C582802CD090012A00F;
					};
					EE507C722802CD0B0012A00F = {
						CreatedOnToolsVersion = 13.3;
						TestTargetID = EE507C582802CD090012A00F;
					};
				};
			};
			buildConfigurationList = EE507C542802CD090012A00F /* Build configuration list for PBXProject "FlatChat" */;
			compatibilityVersion = "Xcode 13.0";
			developmentRegion = en;
			hasScannedForEncodings = 0;
			knownRegions = (
				en,
				Base,
			);
			mainGroup = EE507C502802CD090012A00F;
			productRefGroup = EE507C5A2802CD090012A00F /* Products */;
			projectDirPath = "";
			projectRoot = "";
			targets = (
				EE507C582802CD090012A00F /* FlatChat */,
				EE507C682802CD0A0012A00F /* FlatChatTests */,
				EE507C722802CD0B0012A00F /* FlatChatUITests */,
			);
		};
/* End PBXProject section */

/* Begin PBXResourcesBuildPhase section */
		EE507C572802CD090012A00F /* Resources */ = {
			isa = PBXResourcesBuildPhase;
			buildActionMask = 2147483647;
			files = (
				EE507C642802CD0A0012A00F /* Preview Assets.xcassets in Resources */,
				EE507C612802CD0A0012A00F /* Assets.xcassets in Resources */,
			);
			runOnlyForDeploymentPostprocessing = 0;
		};
		EE507C672802CD0A0012A00F /* Resources */ = {
			isa = PBXResourcesBuildPhase;
			buildActionMask = 2147483647;
			files = (
			);
			runOnlyForDeploymentPostprocessing = 0;
		};
		EE507C712802CD0B0012A00F /* Resources */ = {
			isa = PBXResourcesBuildPhase;
			buildActionMask = 2147483647;
			files = (
			);
			runOnlyForDeploymentPostprocessing = 0;
		};
/* End PBXResourcesBuildPhase section */

/* Begin PBXSourcesBuildPhase section */
		EE507C552802CD090012A00F /* Sources */ = {
			isa = PBXSourcesBuildPhase;
			buildActionMask = 2147483647;
			files = (
				EEBBF4AA2806FFA100FD917C /* HomeView+Observable.swift in Sources */,
				EE94FB7E2805D86F009532E3 /* ChatListModel.swift in Sources */,
				EE8478D7280993DC0054F8D7 /* View+Extension.swift in Sources */,
				EE507C8A2802CDBA0012A00F /* ImageProfile.swift in Sources */,
				EE8478DB280996910054F8D7 /* String+Extension.swift in Sources */,
				EE507C8C2802D5A70012A00F /* MessageView.swift in Sources */,
				EE507C8E2802D7900012A00F /* BubbleChat.swift in Sources */,
				EEBBF4A72806FE5400FD917C /* HomeView.swift in Sources */,
				EE8478D5280993600054F8D7 /* ViewDidLoadModifier.swift in Sources */,
				EE507C882802CD430012A00F /* ChatList.swift in Sources */,
				EE8478D92809967B0054F8D7 /* Date+Extension.swift in Sources */,
				EE507C5D2802CD090012A00F /* FlatChatApp.swift in Sources */,
			);
			runOnlyForDeploymentPostprocessing = 0;
		};
		EE507C652802CD0A0012A00F /* Sources */ = {
			isa = PBXSourcesBuildPhase;
			buildActionMask = 2147483647;
			files = (
				EE507C6E2802CD0A0012A00F /* FlatChatTests.swift in Sources */,
			);
			runOnlyForDeploymentPostprocessing = 0;
		};
		EE507C6F2802CD0B0012A00F /* Sources */ = {
			isa = PBXSourcesBuildPhase;
			buildActionMask = 2147483647;
			files = (
				EE507C7A2802CD0B0012A00F /* FlatChatUITestsLaunchTests.swift in Sources */,
				EE507C782802CD0B0012A00F /* FlatChatUITests.swift in Sources */,
			);
			runOnlyForDeploymentPostprocessing = 0;
		};
/* End PBXSourcesBuildPhase section */

/* Begin PBXTargetDependency section */
		EE507C6B2802CD0A0012A00F /* PBXTargetDependency */ = {
			isa = PBXTargetDependency;
			target = EE507C582802CD090012A00F /* FlatChat */;
			targetProxy = EE507C6A2802CD0A0012A00F /* PBXContainerItemProxy */;
		};
		EE507C752802CD0B0012A00F /* PBXTargetDependency */ = {
			isa = PBXTargetDependency;
			target = EE507C582802CD090012A00F /* FlatChat */;
			targetProxy = EE507C742802CD0B0012A00F /* PBXContainerItemProxy */;
		};
/* End PBXTargetDependency section */

/* Begin XCBuildConfiguration section */
		EE507C7B2802CD0B0012A00F /* Debug */ = {
			isa = XCBuildConfiguration;
			buildSettings = {
				ALWAYS_SEARCH_USER_PATHS = NO;
				CLANG_ANALYZER_NONNULL = YES;
				CLANG_ANALYZER_NUMBER_OBJECT_CONVERSION = YES_AGGRESSIVE;
				CLANG_CXX_LANGUAGE_STANDARD = "gnu++17";
				CLANG_ENABLE_MODULES = YES;
				CLANG_ENABLE_OBJC_ARC = YES;
				CLANG_ENABLE_OBJC_WEAK = YES;
				CLANG_WARN_BLOCK_CAPTURE_AUTORELEASING = YES;
				CLANG_WARN_BOOL_CONVERSION = YES;
				CLANG_WARN_COMMA = YES;
				CLANG_WARN_CONSTANT_CONVERSION = YES;
				CLANG_WARN_DEPRECATED_OBJC_IMPLEMENTATIONS = YES;
				CLANG_WARN_DIRECT_OBJC_ISA_USAGE = YES_ERROR;
				CLANG_WARN_DOCUMENTATION_COMMENTS = YES;
				CLANG_WARN_EMPTY_BODY = YES;
				CLANG_WARN_ENUM_CONVERSION = YES;
				CLANG_WARN_INFINITE_RECURSION = YES;
				CLANG_WARN_INT_CONVERSION = YES;
				CLANG_WARN_NON_LITERAL_NULL_CONVERSION = YES;
				CLANG_WARN_OBJC_IMPLICIT_RETAIN_SELF = YES;
				CLANG_WARN_OBJC_LITERAL_CONVERSION = YES;
				CLANG_WARN_OBJC_ROOT_CLASS = YES_ERROR;
				CLANG_WARN_QUOTED_INCLUDE_IN_FRAMEWORK_HEADER = YES;
				CLANG_WARN_RANGE_LOOP_ANALYSIS = YES;
				CLANG_WARN_STRICT_PROTOTYPES = YES;
				CLANG_WARN_SUSPICIOUS_MOVE = YES;
				CLANG_WARN_UNGUARDED_AVAILABILITY = YES_AGGRESSIVE;
				CLANG_WARN_UNREACHABLE_CODE = YES;
				CLANG_WARN__DUPLICATE_METHOD_MATCH = YES;
				COPY_PHASE_STRIP = NO;
				DEBUG_INFORMATION_FORMAT = dwarf;
				ENABLE_STRICT_OBJC_MSGSEND = YES;
				ENABLE_TESTABILITY = YES;
				GCC_C_LANGUAGE_STANDARD = gnu11;
				GCC_DYNAMIC_NO_PIC = NO;
				GCC_NO_COMMON_BLOCKS = YES;
				GCC_OPTIMIZATION_LEVEL = 0;
				GCC_PREPROCESSOR_DEFINITIONS = (
					"DEBUG=1",
					"$(inherited)",
				);
				GCC_WARN_64_TO_32_BIT_CONVERSION = YES;
				GCC_WARN_ABOUT_RETURN_TYPE = YES_ERROR;
				GCC_WARN_UNDECLARED_SELECTOR = YES;
				GCC_WARN_UNINITIALIZED_AUTOS = YES_AGGRESSIVE;
				GCC_WARN_UNUSED_FUNCTION = YES;
				GCC_WARN_UNUSED_VARIABLE = YES;
				IPHONEOS_DEPLOYMENT_TARGET = 15.4;
				MTL_ENABLE_DEBUG_INFO = INCLUDE_SOURCE;
				MTL_FAST_MATH = YES;
				ONLY_ACTIVE_ARCH = YES;
				SDKROOT = iphoneos;
				SWIFT_ACTIVE_COMPILATION_CONDITIONS = DEBUG;
				SWIFT_OPTIMIZATION_LEVEL = "-Onone";
			};
			name = Debug;
		};
		EE507C7C2802CD0B0012A00F /* Release */ = {
			isa = XCBuildConfiguration;
			buildSettings = {
				ALWAYS_SEARCH_USER_PATHS = NO;
				CLANG_ANALYZER_NONNULL = YES;
				CLANG_ANALYZER_NUMBER_OBJECT_CONVERSION = YES_AGGRESSIVE;
				CLANG_CXX_LANGUAGE_STANDARD = "gnu++17";
				CLANG_ENABLE_MODULES = YES;
				CLANG_ENABLE_OBJC_ARC = YES;
				CLANG_ENABLE_OBJC_WEAK = YES;
				CLANG_WARN_BLOCK_CAPTURE_AUTORELEASING = YES;
				CLANG_WARN_BOOL_CONVERSION = YES;
				CLANG_WARN_COMMA = YES;
				CLANG_WARN_CONSTANT_CONVERSION = YES;
				CLANG_WARN_DEPRECATED_OBJC_IMPLEMENTATIONS = YES;
				CLANG_WARN_DIRECT_OBJC_ISA_USAGE = YES_ERROR;
				CLANG_WARN_DOCUMENTATION_COMMENTS = YES;
				CLANG_WARN_EMPTY_BODY = YES;
				CLANG_WARN_ENUM_CONVERSION = YES;
				CLANG_WARN_INFINITE_RECURSION = YES;
				CLANG_WARN_INT_CONVERSION = YES;
				CLANG_WARN_NON_LITERAL_NULL_CONVERSION = YES;
				CLANG_WARN_OBJC_IMPLICIT_RETAIN_SELF = YES;
				CLANG_WARN_OBJC_LITERAL_CONVERSION = YES;
				CLANG_WARN_OBJC_ROOT_CLASS = YES_ERROR;
				CLANG_WARN_QUOTED_INCLUDE_IN_FRAMEWORK_HEADER = YES;
				CLANG_WARN_RANGE_LOOP_ANALYSIS = YES;
				CLANG_WARN_STRICT_PROTOTYPES = YES;
				CLANG_WARN_SUSPICIOUS_MOVE = YES;
				CLANG_WARN_UNGUARDED_AVAILABILITY = YES_AGGRESSIVE;
				CLANG_WARN_UNREACHABLE_CODE = YES;
				CLANG_WARN__DUPLICATE_METHOD_MATCH = YES;
				COPY_PHASE_STRIP = NO;
				DEBUG_INFORMATION_FORMAT = "dwarf-with-dsym";
				ENABLE_NS_ASSERTIONS = NO;
				ENABLE_STRICT_OBJC_MSGSEND = YES;
				GCC_C_LANGUAGE_STANDARD = gnu11;
				GCC_NO_COMMON_BLOCKS = YES;
				GCC_WARN_64_TO_32_BIT_CONVERSION = YES;
				GCC_WARN_ABOUT_RETURN_TYPE = YES_ERROR;
				GCC_WARN_UNDECLARED_SELECTOR = YES;
				GCC_WARN_UNINITIALIZED_AUTOS = YES_AGGRESSIVE;
				GCC_WARN_UNUSED_FUNCTION = YES;
				GCC_WARN_UNUSED_VARIABLE = YES;
				IPHONEOS_DEPLOYMENT_TARGET = 15.4;
				MTL_ENABLE_DEBUG_INFO = NO;
				MTL_FAST_MATH = YES;
				SDKROOT = iphoneos;
				SWIFT_COMPILATION_MODE = wholemodule;
				SWIFT_OPTIMIZATION_LEVEL = "-O";
				VALIDATE_PRODUCT = YES;
			};
			name = Release;
		};
		EE507C7E2802CD0B0012A00F /* Debug */ = {
			isa = XCBuildConfiguration;
			buildSettings = {
				ASSETCATALOG_COMPILER_APPICON_NAME = AppIcon;
				ASSETCATALOG_COMPILER_GLOBAL_ACCENT_COLOR_NAME = AccentColor;
				CODE_SIGN_STYLE = Automatic;
				CURRENT_PROJECT_VERSION = 1;
				DEVELOPMENT_ASSET_PATHS = "\"FlatChat/Preview Content\"";
				DEVELOPMENT_TEAM = PHK95RXFWX;
				ENABLE_PREVIEWS = YES;
				GENERATE_INFOPLIST_FILE = YES;
				INFOPLIST_KEY_UIApplicationSceneManifest_Generation = YES;
				INFOPLIST_KEY_UIApplicationSupportsIndirectInputEvents = YES;
				INFOPLIST_KEY_UILaunchScreen_Generation = YES;
				INFOPLIST_KEY_UISupportedInterfaceOrientations_iPad = "UIInterfaceOrientationPortrait UIInterfaceOrientationPortraitUpsideDown UIInterfaceOrientationLandscapeLeft UIInterfaceOrientationLandscapeRight";
				INFOPLIST_KEY_UISupportedInterfaceOrientations_iPhone = "UIInterfaceOrientationPortrait UIInterfaceOrientationLandscapeLeft UIInterfaceOrientationLandscapeRight";
				LD_RUNPATH_SEARCH_PATHS = (
					"$(inherited)",
					"@executable_path/Frameworks",
				);
				MARKETING_VERSION = 1.0;
				PRODUCT_BUNDLE_IDENTIFIER = com.surachet.y218.FlatChat;
				PRODUCT_NAME = "$(TARGET_NAME)";
				SWIFT_EMIT_LOC_STRINGS = YES;
				SWIFT_VERSION = 5.0;
				TARGETED_DEVICE_FAMILY = "1,2";
			};
			name = Debug;
		};
		EE507C7F2802CD0B0012A00F /* Release */ = {
			isa = XCBuildConfiguration;
			buildSettings = {
				ASSETCATALOG_COMPILER_APPICON_NAME = AppIcon;
				ASSETCATALOG_COMPILER_GLOBAL_ACCENT_COLOR_NAME = AccentColor;
				CODE_SIGN_STYLE = Automatic;
				CURRENT_PROJECT_VERSION = 1;
				DEVELOPMENT_ASSET_PATHS = "\"FlatChat/Preview Content\"";
				DEVELOPMENT_TEAM = PHK95RXFWX;
				ENABLE_PREVIEWS = YES;
				GENERATE_INFOPLIST_FILE = YES;
				INFOPLIST_KEY_UIApplicationSceneManifest_Generation = YES;
				INFOPLIST_KEY_UIApplicationSupportsIndirectInputEvents = YES;
				INFOPLIST_KEY_UILaunchScreen_Generation = YES;
				INFOPLIST_KEY_UISupportedInterfaceOrientations_iPad = "UIInterfaceOrientationPortrait UIInterfaceOrientationPortraitUpsideDown UIInterfaceOrientationLandscapeLeft UIInterfaceOrientationLandscapeRight";
				INFOPLIST_KEY_UISupportedInterfaceOrientations_iPhone = "UIInterfaceOrientationPortrait UIInterfaceOrientationLandscapeLeft UIInterfaceOrientationLandscapeRight";
				LD_RUNPATH_SEARCH_PATHS = (
					"$(inherited)",
					"@executable_path/Frameworks",
				);
				MARKETING_VERSION = 1.0;
				PRODUCT_BUNDLE_IDENTIFIER = com.surachet.y218.FlatChat;
				PRODUCT_NAME = "$(TARGET_NAME)";
				SWIFT_EMIT_LOC_STRINGS = YES;
				SWIFT_VERSION = 5.0;
				TARGETED_DEVICE_FAMILY = "1,2";
			};
			name = Release;
		};
		EE507C812802CD0B0012A00F /* Debug */ = {
			isa = XCBuildConfiguration;
			buildSettings = {
				ALWAYS_EMBED_SWIFT_STANDARD_LIBRARIES = YES;
				BUNDLE_LOADER = "$(TEST_HOST)";
				CODE_SIGN_STYLE = Automatic;
				CURRENT_PROJECT_VERSION = 1;
				DEVELOPMENT_TEAM = PHK95RXFWX;
				GENERATE_INFOPLIST_FILE = YES;
				IPHONEOS_DEPLOYMENT_TARGET = 15.4;
				MARKETING_VERSION = 1.0;
				PRODUCT_BUNDLE_IDENTIFIER = com.surachet.y218.FlatChatTests;
				PRODUCT_NAME = "$(TARGET_NAME)";
				SWIFT_EMIT_LOC_STRINGS = NO;
				SWIFT_VERSION = 5.0;
				TARGETED_DEVICE_FAMILY = "1,2";
				TEST_HOST = "$(BUILT_PRODUCTS_DIR)/FlatChat.app/FlatChat";
			};
			name = Debug;
		};
		EE507C822802CD0B0012A00F /* Release */ = {
			isa = XCBuildConfiguration;
			buildSettings = {
				ALWAYS_EMBED_SWIFT_STANDARD_LIBRARIES = YES;
				BUNDLE_LOADER = "$(TEST_HOST)";
				CODE_SIGN_STYLE = Automatic;
				CURRENT_PROJECT_VERSION = 1;
				DEVELOPMENT_TEAM = PHK95RXFWX;
				GENERATE_INFOPLIST_FILE = YES;
				IPHONEOS_DEPLOYMENT_TARGET = 15.4;
				MARKETING_VERSION = 1.0;
				PRODUCT_BUNDLE_IDENTIFIER = com.surachet.y218.FlatChatTests;
				PRODUCT_NAME = "$(TARGET_NAME)";
				SWIFT_EMIT_LOC_STRINGS = NO;
				SWIFT_VERSION = 5.0;
				TARGETED_DEVICE_FAMILY = "1,2";
				TEST_HOST = "$(BUILT_PRODUCTS_DIR)/FlatChat.app/FlatChat";
			};
			name = Release;
		};
		EE507C842802CD0B0012A00F /* Debug */ = {
			isa = XCBuildConfiguration;
			buildSettings = {
				ALWAYS_EMBED_SWIFT_STANDARD_LIBRARIES = YES;
				CODE_SIGN_STYLE = Automatic;
				CURRENT_PROJECT_VERSION = 1;
				DEVELOPMENT_TEAM = PHK95RXFWX;
				GENERATE_INFOPLIST_FILE = YES;
				MARKETING_VERSION = 1.0;
				PRODUCT_BUNDLE_IDENTIFIER = com.surachet.y218.FlatChatUITests;
				PRODUCT_NAME = "$(TARGET_NAME)";
				SWIFT_EMIT_LOC_STRINGS = NO;
				SWIFT_VERSION = 5.0;
				TARGETED_DEVICE_FAMILY = "1,2";
				TEST_TARGET_NAME = FlatChat;
			};
			name = Debug;
		};
		EE507C852802CD0B0012A00F /* Release */ = {
			isa = XCBuildConfiguration;
			buildSettings = {
				ALWAYS_EMBED_SWIFT_STANDARD_LIBRARIES = YES;
				CODE_SIGN_STYLE = Automatic;
				CURRENT_PROJECT_VERSION = 1;
				DEVELOPMENT_TEAM = PHK95RXFWX;
				GENERATE_INFOPLIST_FILE = YES;
				MARKETING_VERSION = 1.0;
				PRODUCT_BUNDLE_IDENTIFIER = com.surachet.y218.FlatChatUITests;
				PRODUCT_NAME = "$(TARGET_NAME)";
				SWIFT_EMIT_LOC_STRINGS = NO;
				SWIFT_VERSION = 5.0;
				TARGETED_DEVICE_FAMILY = "1,2";
				TEST_TARGET_NAME = FlatChat;
			};
			name = Release;
		};
/* End XCBuildConfiguration section */

/* Begin XCConfigurationList section */
		EE507C542802CD090012A00F /* Build configuration list for PBXProject "FlatChat" */ = {
			isa = XCConfigurationList;
			buildConfigurations = (
				EE507C7B2802CD0B0012A00F /* Debug */,
				EE507C7C2802CD0B0012A00F /* Release */,
			);
			defaultConfigurationIsVisible = 0;
			defaultConfigurationName = Release;
		};
		EE507C7D2802CD0B0012A00F /* Build configuration list for PBXNativeTarget "FlatChat" */ = {
			isa = XCConfigurationList;
			buildConfigurations = (
				EE507C7E2802CD0B0012A00F /* Debug */,
				EE507C7F2802CD0B0012A00F /* Release */,
			);
			defaultConfigurationIsVisible = 0;
			defaultConfigurationName = Release;
		};
		EE507C802802CD0B0012A00F /* Build configuration list for PBXNativeTarget "FlatChatTests" */ = {
			isa = XCConfigurationList;
			buildConfigurations = (
				EE507C812802CD0B0012A00F /* Debug */,
				EE507C822802CD0B0012A00F /* Release */,
			);
			defaultConfigurationIsVisible = 0;
			defaultConfigurationName = Release;
		};
		EE507C832802CD0B0012A00F /* Build configuration list for PBXNativeTarget "FlatChatUITests" */ = {
			isa = XCConfigurationList;
			buildConfigurations = (
				EE507C842802CD0B0012A00F /* Debug */,
				EE507C852802CD0B0012A00F /* Release */,
			);
			defaultConfigurationIsVisible = 0;
			defaultConfigurationName = Release;
		};
/* End XCConfigurationList section */
	};
	rootObject = EE507C512802CD090012A00F /* Project object */;
}
